
Microsoft Visual Studio Solution File, Format Version 12.00
# Visual Studio 2013
VisualStudioVersion = 12.0.31101.0
MinimumVisualStudioVersion = 10.0.40219.1
Project("{8BC9CEB8-8B4A-11D0-8D11-00A0C91BC942}") = "RAWinRT", "RAWinRT\RAWinRT.vcxproj", "{FF0CF2F9-13CC-4921-9F1A-843A62740D64}"
EndProject
Project("{8BC9CEB8-8B4A-11D0-8D11-00A0C91BC942}") = "DataBinding", "DataBinding\DataBinding.vcxproj", "{06072469-0941-4CA5-9002-3F18660BF64A}"
EndProject
Project("{FAE04EC0-301F-11D3-BF4B-00C04F79EFBC}") = "TestCSharp", "TestCSharp\TestCSharp.csproj", "{B7E2A514-84F5-4F9D-9481-713BE772B0FC}"
EndProject
Project("{FAE04EC0-301F-11D3-BF4B-00C04F79EFBC}") = "Test", "Test\Test.csproj", "{018D5979-7AB5-456E-AD68-856E7A5E7AB4}"
EndProject
Project("{8BC9CEB8-8B4A-11D0-8D11-00A0C91BC942}") = "TestCX", "TestCX\TestCX.vcxproj", "{9D6B2F87-836F-4960-8F08-E0AB99449498}"
EndProject
Global
	GlobalSection(SolutionConfigurationPlatforms) = preSolution
		Debug|ARM = Debug|ARM
		Debug|Win32 = Debug|Win32
		Debug|x64 = Debug|x64
		Debug|x86 = Debug|x86
		Release|ARM = Release|ARM
		Release|Win32 = Release|Win32
		Release|x64 = Release|x64
		Release|x86 = Release|x86
	EndGlobalSection
	GlobalSection(ProjectConfigurationPlatforms) = postSolution
		{FF0CF2F9-13CC-4921-9F1A-843A62740D64}.Debug|ARM.ActiveCfg = Debug|ARM
		{FF0CF2F9-13CC-4921-9F1A-843A62740D64}.Debug|ARM.Build.0 = Debug|ARM
		{FF0CF2F9-13CC-4921-9F1A-843A62740D64}.Debug|ARM.Deploy.0 = Debug|ARM
		{FF0CF2F9-13CC-4921-9F1A-843A62740D64}.Debug|Win32.ActiveCfg = Debug|Win32
		{FF0CF2F9-13CC-4921-9F1A-843A62740D64}.Debug|Win32.Build.0 = Debug|Win32
		{FF0CF2F9-13CC-4921-9F1A-843A62740D64}.Debug|Win32.Deploy.0 = Debug|Win32
		{FF0CF2F9-13CC-4921-9F1A-843A62740D64}.Debug|x64.ActiveCfg = Debug|x64
		{FF0CF2F9-13CC-4921-9F1A-843A62740D64}.Debug|x64.Build.0 = Debug|x64
		{FF0CF2F9-13CC-4921-9F1A-843A62740D64}.Debug|x64.Deploy.0 = Debug|x64
		{FF0CF2F9-13CC-4921-9F1A-843A62740D64}.Debug|x86.ActiveCfg = Debug|Win32
		{FF0CF2F9-13CC-4921-9F1A-843A62740D64}.Debug|x86.Build.0 = Debug|Win32
		{FF0CF2F9-13CC-4921-9F1A-843A62740D64}.Debug|x86.Deploy.0 = Debug|Win32
		{FF0CF2F9-13CC-4921-9F1A-843A62740D64}.Release|ARM.ActiveCfg = Release|ARM
		{FF0CF2F9-13CC-4921-9F1A-843A62740D64}.Release|ARM.Build.0 = Release|ARM
		{FF0CF2F9-13CC-4921-9F1A-843A62740D64}.Release|ARM.Deploy.0 = Release|ARM
		{FF0CF2F9-13CC-4921-9F1A-843A62740D64}.Release|Win32.ActiveCfg = Release|Win32
		{FF0CF2F9-13CC-4921-9F1A-843A62740D64}.Release|Win32.Build.0 = Release|Win32
		{FF0CF2F9-13CC-4921-9F1A-843A62740D64}.Release|Win32.Deploy.0 = Release|Win32
		{FF0CF2F9-13CC-4921-9F1A-843A62740D64}.Release|x64.ActiveCfg = Release|x64
		{FF0CF2F9-13CC-4921-9F1A-843A62740D64}.Release|x64.Build.0 = Release|x64
		{FF0CF2F9-13CC-4921-9F1A-843A62740D64}.Release|x64.Deploy.0 = Release|x64
		{FF0CF2F9-13CC-4921-9F1A-843A62740D64}.Release|x86.ActiveCfg = Release|Win32
		{FF0CF2F9-13CC-4921-9F1A-843A62740D64}.Release|x86.Build.0 = Release|Win32
		{FF0CF2F9-13CC-4921-9F1A-843A62740D64}.Release|x86.Deploy.0 = Release|Win32
		{06072469-0941-4CA5-9002-3F18660BF64A}.Debug|ARM.ActiveCfg = Debug|ARM
		{06072469-0941-4CA5-9002-3F18660BF64A}.Debug|ARM.Build.0 = Debug|ARM
		{06072469-0941-4CA5-9002-3F18660BF64A}.Debug|Win32.ActiveCfg = Debug|Win32
		{06072469-0941-4CA5-9002-3F18660BF64A}.Debug|Win32.Build.0 = Debug|Win32
		{06072469-0941-4CA5-9002-3F18660BF64A}.Debug|x64.ActiveCfg = Debug|x64
		{06072469-0941-4CA5-9002-3F18660BF64A}.Debug|x64.Build.0 = Debug|x64
		{06072469-0941-4CA5-9002-3F18660BF64A}.Debug|x86.ActiveCfg = Debug|Win32
		{06072469-0941-4CA5-9002-3F18660BF64A}.Debug|x86.Build.0 = Debug|Win32
		{06072469-0941-4CA5-9002-3F18660BF64A}.Release|ARM.ActiveCfg = Release|ARM
		{06072469-0941-4CA5-9002-3F18660BF64A}.Release|ARM.Build.0 = Release|ARM
		{06072469-0941-4CA5-9002-3F18660BF64A}.Release|Win32.ActiveCfg = Release|Win32
		{06072469-0941-4CA5-9002-3F18660BF64A}.Release|Win32.Build.0 = Release|Win32
		{06072469-0941-4CA5-9002-3F18660BF64A}.Release|x64.ActiveCfg = Release|x64
		{06072469-0941-4CA5-9002-3F18660BF64A}.Release|x64.Build.0 = Release|x64
		{06072469-0941-4CA5-9002-3F18660BF64A}.Release|x86.ActiveCfg = Release|Win32
		{06072469-0941-4CA5-9002-3F18660BF64A}.Release|x86.Build.0 = Release|Win32
		{B7E2A514-84F5-4F9D-9481-713BE772B0FC}.Debug|ARM.ActiveCfg = Debug|ARM
		{B7E2A514-84F5-4F9D-9481-713BE772B0FC}.Debug|ARM.Build.0 = Debug|ARM
		{B7E2A514-84F5-4F9D-9481-713BE772B0FC}.Debug|ARM.Deploy.0 = Debug|ARM
		{B7E2A514-84F5-4F9D-9481-713BE772B0FC}.Debug|Win32.ActiveCfg = Debug|x86
		{B7E2A514-84F5-4F9D-9481-713BE772B0FC}.Debug|Win32.Build.0 = Debug|x86
		{B7E2A514-84F5-4F9D-9481-713BE772B0FC}.Debug|Win32.Deploy.0 = Debug|x86
		{B7E2A514-84F5-4F9D-9481-713BE772B0FC}.Debug|x64.ActiveCfg = Debug|x64
		{B7E2A514-84F5-4F9D-9481-713BE772B0FC}.Debug|x64.Build.0 = Debug|x64
		{B7E2A514-84F5-4F9D-9481-713BE772B0FC}.Debug|x64.Deploy.0 = Debug|x64
		{B7E2A514-84F5-4F9D-9481-713BE772B0FC}.Debug|x86.ActiveCfg = Debug|x86
		{B7E2A514-84F5-4F9D-9481-713BE772B0FC}.Debug|x86.Build.0 = Debug|x86
		{B7E2A514-84F5-4F9D-9481-713BE772B0FC}.Debug|x86.Deploy.0 = Debug|x86
		{B7E2A514-84F5-4F9D-9481-713BE772B0FC}.Release|ARM.ActiveCfg = Release|ARM
		{B7E2A514-84F5-4F9D-9481-713BE772B0FC}.Release|ARM.Build.0 = Release|ARM
		{B7E2A514-84F5-4F9D-9481-713BE772B0FC}.Release|ARM.Deploy.0 = Release|ARM
		{B7E2A514-84F5-4F9D-9481-713BE772B0FC}.Release|Win32.ActiveCfg = Release|x86
		{B7E2A514-84F5-4F9D-9481-713BE772B0FC}.Release|Win32.Build.0 = Release|x86
		{B7E2A514-84F5-4F9D-9481-713BE772B0FC}.Release|Win32.Deploy.0 = Release|x86
		{B7E2A514-84F5-4F9D-9481-713BE772B0FC}.Release|x64.ActiveCfg = Release|x64
		{B7E2A514-84F5-4F9D-9481-713BE772B0FC}.Release|x64.Build.0 = Release|x64
		{B7E2A514-84F5-4F9D-9481-713BE772B0FC}.Release|x64.Deploy.0 = Release|x64
		{B7E2A514-84F5-4F9D-9481-713BE772B0FC}.Release|x86.ActiveCfg = Release|x86
		{B7E2A514-84F5-4F9D-9481-713BE772B0FC}.Release|x86.Build.0 = Release|x86
		{B7E2A514-84F5-4F9D-9481-713BE772B0FC}.Release|x86.Deploy.0 = Release|x86
		{018D5979-7AB5-456E-AD68-856E7A5E7AB4}.Debug|ARM.ActiveCfg = Debug|ARM
		{018D5979-7AB5-456E-AD68-856E7A5E7AB4}.Debug|ARM.Build.0 = Debug|ARM
		{018D5979-7AB5-456E-AD68-856E7A5E7AB4}.Debug|Win32.ActiveCfg = Debug|x86
		{018D5979-7AB5-456E-AD68-856E7A5E7AB4}.Debug|Win32.Build.0 = Debug|x86
		{018D5979-7AB5-456E-AD68-856E7A5E7AB4}.Debug|x64.ActiveCfg = Debug|x64
		{018D5979-7AB5-456E-AD68-856E7A5E7AB4}.Debug|x64.Build.0 = Debug|x64
		{018D5979-7AB5-456E-AD68-856E7A5E7AB4}.Debug|x86.ActiveCfg = Debug|x86
		{018D5979-7AB5-456E-AD68-856E7A5E7AB4}.Debug|x86.Build.0 = Debug|x86
		{018D5979-7AB5-456E-AD68-856E7A5E7AB4}.Release|ARM.ActiveCfg = Release|ARM
		{018D5979-7AB5-456E-AD68-856E7A5E7AB4}.Release|ARM.Build.0 = Release|ARM
		{018D5979-7AB5-456E-AD68-856E7A5E7AB4}.Release|Win32.ActiveCfg = Release|x86
		{018D5979-7AB5-456E-AD68-856E7A5E7AB4}.Release|Win32.Build.0 = Release|x86
		{018D5979-7AB5-456E-AD68-856E7A5E7AB4}.Release|x64.ActiveCfg = Release|x64
		{018D5979-7AB5-456E-AD68-856E7A5E7AB4}.Release|x64.Build.0 = Release|x64
		{018D5979-7AB5-456E-AD68-856E7A5E7AB4}.Release|x86.ActiveCfg = Release|x86
		{018D5979-7AB5-456E-AD68-856E7A5E7AB4}.Release|x86.Build.0 = Release|x86
		{9D6B2F87-836F-4960-8F08-E0AB99449498}.Debug|ARM.ActiveCfg = Debug|ARM
		{9D6B2F87-836F-4960-8F08-E0AB99449498}.Debug|ARM.Build.0 = Debug|ARM
		{9D6B2F87-836F-4960-8F08-E0AB99449498}.Debug|Win32.ActiveCfg = Debug|Win32
		{9D6B2F87-836F-4960-8F08-E0AB99449498}.Debug|Win32.Build.0 = Debug|Win32
		{9D6B2F87-836F-4960-8F08-E0AB99449498}.Debug|x64.ActiveCfg = Debug|x64
		{9D6B2F87-836F-4960-8F08-E0AB99449498}.Debug|x64.Build.0 = Debug|x64
		{9D6B2F87-836F-4960-8F08-E0AB99449498}.Debug|x86.ActiveCfg = Debug|Win32
		{9D6B2F87-836F-4960-8F08-E0AB99449498}.Debug|x86.Build.0 = Debug|Win32
		{9D6B2F87-836F-4960-8F08-E0AB99449498}.Release|ARM.ActiveCfg = Release|ARM
		{9D6B2F87-836F-4960-8F08-E0AB99449498}.Release|ARM.Build.0 = Release|ARM
		{9D6B2F87-836F-4960-8F08-E0AB99449498}.Release|Win32.ActiveCfg = Release|Win32
		{9D6B2F87-836F-4960-8F08-E0AB99449498}.Release|Win32.Build.0 = Release|Win32
		{9D6B2F87-836F-4960-8F08-E0AB99449498}.Release|x64.ActiveCfg = Release|x64
		{9D6B2F87-836F-4960-8F08-E0AB99449498}.Release|x64.Build.0 = Release|x64
		{9D6B2F87-836F-4960-8F08-E0AB99449498}.Release|x86.ActiveCfg = Release|Win32
		{9D6B2F87-836F-4960-8F08-E0AB99449498}.Release|x86.Build.0 = Release|Win32
	EndGlobalSection
	GlobalSection(SolutionProperties) = preSolution
		HideSolutionNode = FALSE
	EndGlobalSection
EndGlobal
