
Microsoft Visual Studio Solution File, Format Version 12.00
# Visual Studio 2013
VisualStudioVersion = 12.0.31101.0
MinimumVisualStudioVersion = 10.0.40219.1
Project("{2150E333-8FDC-42A3-9474-1A3956D46DE8}") = "WRL", "WRL", "{1429101A-8E0D-40DC-9CE1-3A725ABA293A}"
EndProject
Project("{2150E333-8FDC-42A3-9474-1A3956D46DE8}") = "Apps", "Apps", "{30AD4ED4-8253-4CC0-86F9-1AC6C19EEB23}"
EndProject
Project("{2150E333-8FDC-42A3-9474-1A3956D46DE8}") = "Tests", "Tests", "{A83FCF58-2F62-4406-BD54-DCD501C6CAA4}"
EndProject
Project("{8BC9CEB8-8B4A-11D0-8D11-00A0C91BC942}") = "RAWinRT", "Apps\RAWinRT\RAWinRT.vcxproj", "{FF0CF2F9-13CC-4921-9F1A-843A62740D64}"
EndProject
Project("{FAE04EC0-301F-11D3-BF4B-00C04F79EFBC}") = "Test", "Tests\Test\Test.csproj", "{018D5979-7AB5-456E-AD68-856E7A5E7AB4}"
EndProject
Project("{8BC9CEB8-8B4A-11D0-8D11-00A0C91BC942}") = "TestComponentCX", "Tests\TestComponentCX\TestComponentCX.vcxproj", "{45CAAB6C-BA31-43F1-9256-25FE26B4EC64}"
EndProject
Project("{8BC9CEB8-8B4A-11D0-8D11-00A0C91BC942}") = "TestComponentWRL", "Tests\TestComponentWRL\TestComponentWRL.vcxproj", "{07A05612-2795-43B3-9839-AEFC35C9B534}"
EndProject
Project("{FAE04EC0-301F-11D3-BF4B-00C04F79EFBC}") = "TestCSharp", "Tests\TestCSharp\TestCSharp.csproj", "{B7E2A514-84F5-4F9D-9481-713BE772B0FC}"
EndProject
Project("{8BC9CEB8-8B4A-11D0-8D11-00A0C91BC942}") = "TestCX", "Tests\TestCX\TestCX.vcxproj", "{745FD3E7-8954-40D7-BC2A-3E2A4895F63F}"
EndProject
Project("{8BC9CEB8-8B4A-11D0-8D11-00A0C91BC942}") = "DataBinding", "WRL\DataBinding\DataBinding.vcxproj", "{06072469-0941-4CA5-9002-3F18660BF64A}"
EndProject
Project("{8BC9CEB8-8B4A-11D0-8D11-00A0C91BC942}") = "RAWinRT.BT", "Apps\RAWinRT.BT\RAWinRT.BT.vcxproj", "{D942F95B-032A-4533-AA3B-6CD1D8E2F0FE}"
EndProject
Global
	GlobalSection(SolutionConfigurationPlatforms) = preSolution
		Debug|ARM = Debug|ARM
		Debug|Win32 = Debug|Win32
		Debug|x64 = Debug|x64
		Debug|x86 = Debug|x86
		Release|ARM = Release|ARM
		Release|Win32 = Release|Win32
		Release|x64 = Release|x64
		Release|x86 = Release|x86
	EndGlobalSection
	GlobalSection(ProjectConfigurationPlatforms) = postSolution
		{FF0CF2F9-13CC-4921-9F1A-843A62740D64}.Debug|ARM.ActiveCfg = Debug|ARM
		{FF0CF2F9-13CC-4921-9F1A-843A62740D64}.Debug|ARM.Build.0 = Debug|ARM
		{FF0CF2F9-13CC-4921-9F1A-843A62740D64}.Debug|ARM.Deploy.0 = Debug|ARM
		{FF0CF2F9-13CC-4921-9F1A-843A62740D64}.Debug|Win32.ActiveCfg = Debug|Win32
		{FF0CF2F9-13CC-4921-9F1A-843A62740D64}.Debug|Win32.Build.0 = Debug|Win32
		{FF0CF2F9-13CC-4921-9F1A-843A62740D64}.Debug|Win32.Deploy.0 = Debug|Win32
		{FF0CF2F9-13CC-4921-9F1A-843A62740D64}.Debug|x64.ActiveCfg = Debug|x64
		{FF0CF2F9-13CC-4921-9F1A-843A62740D64}.Debug|x64.Build.0 = Debug|x64
		{FF0CF2F9-13CC-4921-9F1A-843A62740D64}.Debug|x64.Deploy.0 = Debug|x64
		{FF0CF2F9-13CC-4921-9F1A-843A62740D64}.Debug|x86.ActiveCfg = Debug|Win32
		{FF0CF2F9-13CC-4921-9F1A-843A62740D64}.Debug|x86.Build.0 = Debug|Win32
		{FF0CF2F9-13CC-4921-9F1A-843A62740D64}.Debug|x86.Deploy.0 = Debug|Win32
		{FF0CF2F9-13CC-4921-9F1A-843A62740D64}.Release|ARM.ActiveCfg = Release|ARM
		{FF0CF2F9-13CC-4921-9F1A-843A62740D64}.Release|ARM.Build.0 = Release|ARM
		{FF0CF2F9-13CC-4921-9F1A-843A62740D64}.Release|ARM.Deploy.0 = Release|ARM
		{FF0CF2F9-13CC-4921-9F1A-843A62740D64}.Release|Win32.ActiveCfg = Release|Win32
		{FF0CF2F9-13CC-4921-9F1A-843A62740D64}.Release|Win32.Build.0 = Release|Win32
		{FF0CF2F9-13CC-4921-9F1A-843A62740D64}.Release|Win32.Deploy.0 = Release|Win32
		{FF0CF2F9-13CC-4921-9F1A-843A62740D64}.Release|x64.ActiveCfg = Release|x64
		{FF0CF2F9-13CC-4921-9F1A-843A62740D64}.Release|x64.Build.0 = Release|x64
		{FF0CF2F9-13CC-4921-9F1A-843A62740D64}.Release|x64.Deploy.0 = Release|x64
		{FF0CF2F9-13CC-4921-9F1A-843A62740D64}.Release|x86.ActiveCfg = Release|Win32
		{FF0CF2F9-13CC-4921-9F1A-843A62740D64}.Release|x86.Build.0 = Release|Win32
		{FF0CF2F9-13CC-4921-9F1A-843A62740D64}.Release|x86.Deploy.0 = Release|Win32
		{018D5979-7AB5-456E-AD68-856E7A5E7AB4}.Debug|ARM.ActiveCfg = Debug|ARM
		{018D5979-7AB5-456E-AD68-856E7A5E7AB4}.Debug|ARM.Build.0 = Debug|ARM
		{018D5979-7AB5-456E-AD68-856E7A5E7AB4}.Debug|Win32.ActiveCfg = Debug|x86
		{018D5979-7AB5-456E-AD68-856E7A5E7AB4}.Debug|Win32.Build.0 = Debug|x86
		{018D5979-7AB5-456E-AD68-856E7A5E7AB4}.Debug|x64.ActiveCfg = Debug|x64
		{018D5979-7AB5-456E-AD68-856E7A5E7AB4}.Debug|x64.Build.0 = Debug|x64
		{018D5979-7AB5-456E-AD68-856E7A5E7AB4}.Debug|x86.ActiveCfg = Debug|x86
		{018D5979-7AB5-456E-AD68-856E7A5E7AB4}.Debug|x86.Build.0 = Debug|x86
		{018D5979-7AB5-456E-AD68-856E7A5E7AB4}.Release|ARM.ActiveCfg = Release|ARM
		{018D5979-7AB5-456E-AD68-856E7A5E7AB4}.Release|ARM.Build.0 = Release|ARM
		{018D5979-7AB5-456E-AD68-856E7A5E7AB4}.Release|Win32.ActiveCfg = Release|x86
		{018D5979-7AB5-456E-AD68-856E7A5E7AB4}.Release|Win32.Build.0 = Release|x86
		{018D5979-7AB5-456E-AD68-856E7A5E7AB4}.Release|x64.ActiveCfg = Release|x64
		{018D5979-7AB5-456E-AD68-856E7A5E7AB4}.Release|x64.Build.0 = Release|x64
		{018D5979-7AB5-456E-AD68-856E7A5E7AB4}.Release|x86.ActiveCfg = Release|x86
		{018D5979-7AB5-456E-AD68-856E7A5E7AB4}.Release|x86.Build.0 = Release|x86
		{45CAAB6C-BA31-43F1-9256-25FE26B4EC64}.Debug|ARM.ActiveCfg = Debug|ARM
		{45CAAB6C-BA31-43F1-9256-25FE26B4EC64}.Debug|ARM.Build.0 = Debug|ARM
		{45CAAB6C-BA31-43F1-9256-25FE26B4EC64}.Debug|Win32.ActiveCfg = Debug|Win32
		{45CAAB6C-BA31-43F1-9256-25FE26B4EC64}.Debug|Win32.Build.0 = Debug|Win32
		{45CAAB6C-BA31-43F1-9256-25FE26B4EC64}.Debug|x64.ActiveCfg = Debug|x64
		{45CAAB6C-BA31-43F1-9256-25FE26B4EC64}.Debug|x64.Build.0 = Debug|x64
		{45CAAB6C-BA31-43F1-9256-25FE26B4EC64}.Debug|x86.ActiveCfg = Debug|Win32
		{45CAAB6C-BA31-43F1-9256-25FE26B4EC64}.Debug|x86.Build.0 = Debug|Win32
		{45CAAB6C-BA31-43F1-9256-25FE26B4EC64}.Release|ARM.ActiveCfg = Release|ARM
		{45CAAB6C-BA31-43F1-9256-25FE26B4EC64}.Release|ARM.Build.0 = Release|ARM
		{45CAAB6C-BA31-43F1-9256-25FE26B4EC64}.Release|Win32.ActiveCfg = Release|Win32
		{45CAAB6C-BA31-43F1-9256-25FE26B4EC64}.Release|Win32.Build.0 = Release|Win32
		{45CAAB6C-BA31-43F1-9256-25FE26B4EC64}.Release|x64.ActiveCfg = Release|x64
		{45CAAB6C-BA31-43F1-9256-25FE26B4EC64}.Release|x64.Build.0 = Release|x64
		{45CAAB6C-BA31-43F1-9256-25FE26B4EC64}.Release|x86.ActiveCfg = Release|Win32
		{45CAAB6C-BA31-43F1-9256-25FE26B4EC64}.Release|x86.Build.0 = Release|Win32
		{07A05612-2795-43B3-9839-AEFC35C9B534}.Debug|ARM.ActiveCfg = Debug|ARM
		{07A05612-2795-43B3-9839-AEFC35C9B534}.Debug|ARM.Build.0 = Debug|ARM
		{07A05612-2795-43B3-9839-AEFC35C9B534}.Debug|Win32.ActiveCfg = Debug|Win32
		{07A05612-2795-43B3-9839-AEFC35C9B534}.Debug|Win32.Build.0 = Debug|Win32
		{07A05612-2795-43B3-9839-AEFC35C9B534}.Debug|x64.ActiveCfg = Debug|x64
		{07A05612-2795-43B3-9839-AEFC35C9B534}.Debug|x64.Build.0 = Debug|x64
		{07A05612-2795-43B3-9839-AEFC35C9B534}.Debug|x86.ActiveCfg = Debug|Win32
		{07A05612-2795-43B3-9839-AEFC35C9B534}.Debug|x86.Build.0 = Debug|Win32
		{07A05612-2795-43B3-9839-AEFC35C9B534}.Release|ARM.ActiveCfg = Release|ARM
		{07A05612-2795-43B3-9839-AEFC35C9B534}.Release|ARM.Build.0 = Release|ARM
		{07A05612-2795-43B3-9839-AEFC35C9B534}.Release|Win32.ActiveCfg = Release|Win32
		{07A05612-2795-43B3-9839-AEFC35C9B534}.Release|Win32.Build.0 = Release|Win32
		{07A05612-2795-43B3-9839-AEFC35C9B534}.Release|x64.ActiveCfg = Release|x64
		{07A05612-2795-43B3-9839-AEFC35C9B534}.Release|x64.Build.0 = Release|x64
		{07A05612-2795-43B3-9839-AEFC35C9B534}.Release|x86.ActiveCfg = Release|Win32
		{07A05612-2795-43B3-9839-AEFC35C9B534}.Release|x86.Build.0 = Release|Win32
		{B7E2A514-84F5-4F9D-9481-713BE772B0FC}.Debug|ARM.ActiveCfg = Debug|ARM
		{B7E2A514-84F5-4F9D-9481-713BE772B0FC}.Debug|ARM.Build.0 = Debug|ARM
		{B7E2A514-84F5-4F9D-9481-713BE772B0FC}.Debug|ARM.Deploy.0 = Debug|ARM
		{B7E2A514-84F5-4F9D-9481-713BE772B0FC}.Debug|Win32.ActiveCfg = Debug|x86
		{B7E2A514-84F5-4F9D-9481-713BE772B0FC}.Debug|Win32.Build.0 = Debug|x86
		{B7E2A514-84F5-4F9D-9481-713BE772B0FC}.Debug|Win32.Deploy.0 = Debug|x86
		{B7E2A514-84F5-4F9D-9481-713BE772B0FC}.Debug|x64.ActiveCfg = Debug|x64
		{B7E2A514-84F5-4F9D-9481-713BE772B0FC}.Debug|x64.Build.0 = Debug|x64
		{B7E2A514-84F5-4F9D-9481-713BE772B0FC}.Debug|x64.Deploy.0 = Debug|x64
		{B7E2A514-84F5-4F9D-9481-713BE772B0FC}.Debug|x86.ActiveCfg = Debug|x86
		{B7E2A514-84F5-4F9D-9481-713BE772B0FC}.Debug|x86.Build.0 = Debug|x86
		{B7E2A514-84F5-4F9D-9481-713BE772B0FC}.Debug|x86.Deploy.0 = Debug|x86
		{B7E2A514-84F5-4F9D-9481-713BE772B0FC}.Release|ARM.ActiveCfg = Release|ARM
		{B7E2A514-84F5-4F9D-9481-713BE772B0FC}.Release|ARM.Build.0 = Release|ARM
		{B7E2A514-84F5-4F9D-9481-713BE772B0FC}.Release|ARM.Deploy.0 = Release|ARM
		{B7E2A514-84F5-4F9D-9481-713BE772B0FC}.Release|Win32.ActiveCfg = Release|x86
		{B7E2A514-84F5-4F9D-9481-713BE772B0FC}.Release|Win32.Build.0 = Release|x86
		{B7E2A514-84F5-4F9D-9481-713BE772B0FC}.Release|Win32.Deploy.0 = Release|x86
		{B7E2A514-84F5-4F9D-9481-713BE772B0FC}.Release|x64.ActiveCfg = Release|x64
		{B7E2A514-84F5-4F9D-9481-713BE772B0FC}.Release|x64.Build.0 = Release|x64
		{B7E2A514-84F5-4F9D-9481-713BE772B0FC}.Release|x64.Deploy.0 = Release|x64
		{B7E2A514-84F5-4F9D-9481-713BE772B0FC}.Release|x86.ActiveCfg = Release|x86
		{B7E2A514-84F5-4F9D-9481-713BE772B0FC}.Release|x86.Build.0 = Release|x86
		{B7E2A514-84F5-4F9D-9481-713BE772B0FC}.Release|x86.Deploy.0 = Release|x86
		{745FD3E7-8954-40D7-BC2A-3E2A4895F63F}.Debug|ARM.ActiveCfg = Debug|ARM
		{745FD3E7-8954-40D7-BC2A-3E2A4895F63F}.Debug|ARM.Build.0 = Debug|ARM
		{745FD3E7-8954-40D7-BC2A-3E2A4895F63F}.Debug|ARM.Deploy.0 = Debug|ARM
		{745FD3E7-8954-40D7-BC2A-3E2A4895F63F}.Debug|Win32.ActiveCfg = Debug|Win32
		{745FD3E7-8954-40D7-BC2A-3E2A4895F63F}.Debug|Win32.Build.0 = Debug|Win32
		{745FD3E7-8954-40D7-BC2A-3E2A4895F63F}.Debug|Win32.Deploy.0 = Debug|Win32
		{745FD3E7-8954-40D7-BC2A-3E2A4895F63F}.Debug|x64.ActiveCfg = Debug|x64
		{745FD3E7-8954-40D7-BC2A-3E2A4895F63F}.Debug|x64.Build.0 = Debug|x64
		{745FD3E7-8954-40D7-BC2A-3E2A4895F63F}.Debug|x64.Deploy.0 = Debug|x64
		{745FD3E7-8954-40D7-BC2A-3E2A4895F63F}.Debug|x86.ActiveCfg = Debug|Win32
		{745FD3E7-8954-40D7-BC2A-3E2A4895F63F}.Debug|x86.Build.0 = Debug|Win32
		{745FD3E7-8954-40D7-BC2A-3E2A4895F63F}.Debug|x86.Deploy.0 = Debug|Win32
		{745FD3E7-8954-40D7-BC2A-3E2A4895F63F}.Release|ARM.ActiveCfg = Release|ARM
		{745FD3E7-8954-40D7-BC2A-3E2A4895F63F}.Release|ARM.Build.0 = Release|ARM
		{745FD3E7-8954-40D7-BC2A-3E2A4895F63F}.Release|ARM.Deploy.0 = Release|ARM
		{745FD3E7-8954-40D7-BC2A-3E2A4895F63F}.Release|Win32.ActiveCfg = Release|Win32
		{745FD3E7-8954-40D7-BC2A-3E2A4895F63F}.Release|Win32.Build.0 = Release|Win32
		{745FD3E7-8954-40D7-BC2A-3E2A4895F63F}.Release|Win32.Deploy.0 = Release|Win32
		{745FD3E7-8954-40D7-BC2A-3E2A4895F63F}.Release|x64.ActiveCfg = Release|x64
		{745FD3E7-8954-40D7-BC2A-3E2A4895F63F}.Release|x64.Build.0 = Release|x64
		{745FD3E7-8954-40D7-BC2A-3E2A4895F63F}.Release|x64.Deploy.0 = Release|x64
		{745FD3E7-8954-40D7-BC2A-3E2A4895F63F}.Release|x86.ActiveCfg = Release|Win32
		{745FD3E7-8954-40D7-BC2A-3E2A4895F63F}.Release|x86.Build.0 = Release|Win32
		{745FD3E7-8954-40D7-BC2A-3E2A4895F63F}.Release|x86.Deploy.0 = Release|Win32
		{06072469-0941-4CA5-9002-3F18660BF64A}.Debug|ARM.ActiveCfg = Debug|ARM
		{06072469-0941-4CA5-9002-3F18660BF64A}.Debug|ARM.Build.0 = Debug|ARM
		{06072469-0941-4CA5-9002-3F18660BF64A}.Debug|Win32.ActiveCfg = Debug|Win32
		{06072469-0941-4CA5-9002-3F18660BF64A}.Debug|Win32.Build.0 = Debug|Win32
		{06072469-0941-4CA5-9002-3F18660BF64A}.Debug|x64.ActiveCfg = Debug|x64
		{06072469-0941-4CA5-9002-3F18660BF64A}.Debug|x64.Build.0 = Debug|x64
		{06072469-0941-4CA5-9002-3F18660BF64A}.Debug|x86.ActiveCfg = Debug|Win32
		{06072469-0941-4CA5-9002-3F18660BF64A}.Debug|x86.Build.0 = Debug|Win32
		{06072469-0941-4CA5-9002-3F18660BF64A}.Release|ARM.ActiveCfg = Release|ARM
		{06072469-0941-4CA5-9002-3F18660BF64A}.Release|ARM.Build.0 = Release|ARM
		{06072469-0941-4CA5-9002-3F18660BF64A}.Release|Win32.ActiveCfg = Release|Win32
		{06072469-0941-4CA5-9002-3F18660BF64A}.Release|Win32.Build.0 = Release|Win32
		{06072469-0941-4CA5-9002-3F18660BF64A}.Release|x64.ActiveCfg = Release|x64
		{06072469-0941-4CA5-9002-3F18660BF64A}.Release|x64.Build.0 = Release|x64
		{06072469-0941-4CA5-9002-3F18660BF64A}.Release|x86.ActiveCfg = Release|Win32
		{06072469-0941-4CA5-9002-3F18660BF64A}.Release|x86.Build.0 = Release|Win32
		{D942F95B-032A-4533-AA3B-6CD1D8E2F0FE}.Debug|ARM.ActiveCfg = Debug|ARM
		{D942F95B-032A-4533-AA3B-6CD1D8E2F0FE}.Debug|ARM.Build.0 = Debug|ARM
		{D942F95B-032A-4533-AA3B-6CD1D8E2F0FE}.Debug|Win32.ActiveCfg = Debug|Win32
		{D942F95B-032A-4533-AA3B-6CD1D8E2F0FE}.Debug|Win32.Build.0 = Debug|Win32
		{D942F95B-032A-4533-AA3B-6CD1D8E2F0FE}.Debug|x64.ActiveCfg = Debug|x64
		{D942F95B-032A-4533-AA3B-6CD1D8E2F0FE}.Debug|x64.Build.0 = Debug|x64
		{D942F95B-032A-4533-AA3B-6CD1D8E2F0FE}.Debug|x86.ActiveCfg = Debug|Win32
		{D942F95B-032A-4533-AA3B-6CD1D8E2F0FE}.Debug|x86.Build.0 = Debug|Win32
		{D942F95B-032A-4533-AA3B-6CD1D8E2F0FE}.Release|ARM.ActiveCfg = Release|ARM
		{D942F95B-032A-4533-AA3B-6CD1D8E2F0FE}.Release|ARM.Build.0 = Release|ARM
		{D942F95B-032A-4533-AA3B-6CD1D8E2F0FE}.Release|Win32.ActiveCfg = Release|Win32
		{D942F95B-032A-4533-AA3B-6CD1D8E2F0FE}.Release|Win32.Build.0 = Release|Win32
		{D942F95B-032A-4533-AA3B-6CD1D8E2F0FE}.Release|x64.ActiveCfg = Release|x64
		{D942F95B-032A-4533-AA3B-6CD1D8E2F0FE}.Release|x64.Build.0 = Release|x64
		{D942F95B-032A-4533-AA3B-6CD1D8E2F0FE}.Release|x86.ActiveCfg = Release|Win32
		{D942F95B-032A-4533-AA3B-6CD1D8E2F0FE}.Release|x86.Build.0 = Release|Win32
	EndGlobalSection
	GlobalSection(SolutionProperties) = preSolution
		HideSolutionNode = FALSE
	EndGlobalSection
	GlobalSection(NestedProjects) = preSolution
		{FF0CF2F9-13CC-4921-9F1A-843A62740D64} = {30AD4ED4-8253-4CC0-86F9-1AC6C19EEB23}
		{018D5979-7AB5-456E-AD68-856E7A5E7AB4} = {A83FCF58-2F62-4406-BD54-DCD501C6CAA4}
		{45CAAB6C-BA31-43F1-9256-25FE26B4EC64} = {A83FCF58-2F62-4406-BD54-DCD501C6CAA4}
		{07A05612-2795-43B3-9839-AEFC35C9B534} = {A83FCF58-2F62-4406-BD54-DCD501C6CAA4}
		{B7E2A514-84F5-4F9D-9481-713BE772B0FC} = {A83FCF58-2F62-4406-BD54-DCD501C6CAA4}
		{745FD3E7-8954-40D7-BC2A-3E2A4895F63F} = {A83FCF58-2F62-4406-BD54-DCD501C6CAA4}
		{06072469-0941-4CA5-9002-3F18660BF64A} = {1429101A-8E0D-40DC-9CE1-3A725ABA293A}
		{D942F95B-032A-4533-AA3B-6CD1D8E2F0FE} = {30AD4ED4-8253-4CC0-86F9-1AC6C19EEB23}
	EndGlobalSection
EndGlobal
